
Microsoft Visual Studio Solution File, Format Version 12.00
# Visual Studio Version 17
VisualStudioVersion = 17.1.32319.34
MinimumVisualStudioVersion = 10.0.40219.1
Project("{9A19103F-16F7-4668-BE54-9A1E7A4F7556}") = "Galactic.Core", "Galactic.Core\Galactic.Core.csproj", "{46F50F9D-FE17-4909-8D79-12E57CCFB651}"
EndProject
Project("{9A19103F-16F7-4668-BE54-9A1E7A4F7556}") = "Galactic.Tests", "Galactic.Tests\Galactic.Tests.csproj", "{B18F2829-77FD-4882-9596-B045DD172A81}"
EndProject
Project("{2150E333-8FDC-42A3-9474-1A3956D46DE8}") = "src", "src", "{CFE0D81F-637F-4B34-88A2-7DDB4A576C9C}"
EndProject
Global
	GlobalSection(SolutionConfigurationPlatforms) = preSolution
		Debug|Any CPU = Debug|Any CPU
		Release|Any CPU = Release|Any CPU
	EndGlobalSection
	GlobalSection(ProjectConfigurationPlatforms) = postSolution
		{46F50F9D-FE17-4909-8D79-12E57CCFB651}.Debug|Any CPU.ActiveCfg = Debug|Any CPU
		{46F50F9D-FE17-4909-8D79-12E57CCFB651}.Debug|Any CPU.Build.0 = Debug|Any CPU
		{46F50F9D-FE17-4909-8D79-12E57CCFB651}.Release|Any CPU.ActiveCfg = Release|Any CPU
		{46F50F9D-FE17-4909-8D79-12E57CCFB651}.Release|Any CPU.Build.0 = Release|Any CPU
		{B18F2829-77FD-4882-9596-B045DD172A81}.Debug|Any CPU.ActiveCfg = Debug|Any CPU
		{B18F2829-77FD-4882-9596-B045DD172A81}.Debug|Any CPU.Build.0 = Debug|Any CPU
		{B18F2829-77FD-4882-9596-B045DD172A81}.Release|Any CPU.ActiveCfg = Release|Any CPU
		{B18F2829-77FD-4882-9596-B045DD172A81}.Release|Any CPU.Build.0 = Release|Any CPU
	EndGlobalSection
	GlobalSection(SolutionProperties) = preSolution
		HideSolutionNode = FALSE
	EndGlobalSection
	GlobalSection(NestedProjects) = preSolution
		{46F50F9D-FE17-4909-8D79-12E57CCFB651} = {CFE0D81F-637F-4B34-88A2-7DDB4A576C9C}
		{B18F2829-77FD-4882-9596-B045DD172A81} = {CFE0D81F-637F-4B34-88A2-7DDB4A576C9C}
	EndGlobalSection
	GlobalSection(ExtensibilityGlobals) = postSolution
		SolutionGuid = {BF54FF23-19B5-4504-A3AD-ECDF369C0BC3}
	EndGlobalSection
EndGlobal
